
Microsoft Visual Studio Solution File, Format Version 12.00
# Visual Studio Version 16
VisualStudioVersion = 16.0.31205.134
MinimumVisualStudioVersion = 10.0.40219.1
Project("{FAE04EC0-301F-11D3-BF4B-00C04F79EFBC}") = "E_UAS2_160420014_Michael", "E_UAS2_160420014_Michael\E_UAS2_160420014_Michael.csproj", "{FABF57FA-BACD-402D-BFC2-9C48763DC635}"
EndProject
Global
	GlobalSection(SolutionConfigurationPlatforms) = preSolution
		Debug|Any CPU = Debug|Any CPU
		Release|Any CPU = Release|Any CPU
	EndGlobalSection
	GlobalSection(ProjectConfigurationPlatforms) = postSolution
		{FABF57FA-BACD-402D-BFC2-9C48763DC635}.Debug|Any CPU.ActiveCfg = Debug|Any CPU
		{FABF57FA-BACD-402D-BFC2-9C48763DC635}.Debug|Any CPU.Build.0 = Debug|Any CPU
		{FABF57FA-BACD-402D-BFC2-9C48763DC635}.Release|Any CPU.ActiveCfg = Release|Any CPU
		{FABF57FA-BACD-402D-BFC2-9C48763DC635}.Release|Any CPU.Build.0 = Release|Any CPU
	EndGlobalSection
	GlobalSection(SolutionProperties) = preSolution
		HideSolutionNode = FALSE
	EndGlobalSection
	GlobalSection(ExtensibilityGlobals) = postSolution
		SolutionGuid = {86BF8903-CEA1-4061-B66E-4CD9B44C123F}
	EndGlobalSection
EndGlobal
